
Microsoft Visual Studio Solution File, Format Version 12.00
# Visual Studio Version 17
VisualStudioVersion = 17.8.34330.188
MinimumVisualStudioVersion = 10.0.40219.1
Project("{9A19103F-16F7-4668-BE54-9A1E7A4F7556}") = "vbproject", "vbproject.csproj", "{18B72370-6B9B-417D-ABA8-050591201DFE}"
EndProject
Project("{778DAE3C-4631-46EA-AA77-85C1314464D9}") = "vblibrary", "vblibrary\vblibrary.vbproj", "{F688BFDD-53EF-406F-B5AC-76FC919AC6D0}"
EndProject
Global
	GlobalSection(SolutionConfigurationPlatforms) = preSolution
		Debug|Any CPU = Debug|Any CPU
		ExportDebug|Any CPU = ExportDebug|Any CPU
		ExportRelease|Any CPU = ExportRelease|Any CPU
		Release|Any CPU = Release|Any CPU
	EndGlobalSection
	GlobalSection(ProjectConfigurationPlatforms) = postSolution
		{18B72370-6B9B-417D-ABA8-050591201DFE}.Debug|Any CPU.ActiveCfg = Debug|Any CPU
		{18B72370-6B9B-417D-ABA8-050591201DFE}.Debug|Any CPU.Build.0 = Debug|Any CPU
		{18B72370-6B9B-417D-ABA8-050591201DFE}.ExportDebug|Any CPU.ActiveCfg = ExportDebug|Any CPU
		{18B72370-6B9B-417D-ABA8-050591201DFE}.ExportDebug|Any CPU.Build.0 = ExportDebug|Any CPU
		{18B72370-6B9B-417D-ABA8-050591201DFE}.ExportRelease|Any CPU.ActiveCfg = ExportRelease|Any CPU
		{18B72370-6B9B-417D-ABA8-050591201DFE}.ExportRelease|Any CPU.Build.0 = ExportRelease|Any CPU
		{18B72370-6B9B-417D-ABA8-050591201DFE}.Release|Any CPU.ActiveCfg = ExportRelease|Any CPU
		{18B72370-6B9B-417D-ABA8-050591201DFE}.Release|Any CPU.Build.0 = ExportRelease|Any CPU
		{F688BFDD-53EF-406F-B5AC-76FC919AC6D0}.Debug|Any CPU.ActiveCfg = Debug|Any CPU
		{F688BFDD-53EF-406F-B5AC-76FC919AC6D0}.Debug|Any CPU.Build.0 = Debug|Any CPU
		{F688BFDD-53EF-406F-B5AC-76FC919AC6D0}.ExportDebug|Any CPU.ActiveCfg = Debug|Any CPU
		{F688BFDD-53EF-406F-B5AC-76FC919AC6D0}.ExportDebug|Any CPU.Build.0 = Debug|Any CPU
		{F688BFDD-53EF-406F-B5AC-76FC919AC6D0}.ExportRelease|Any CPU.ActiveCfg = Release|Any CPU
		{F688BFDD-53EF-406F-B5AC-76FC919AC6D0}.ExportRelease|Any CPU.Build.0 = Release|Any CPU
		{F688BFDD-53EF-406F-B5AC-76FC919AC6D0}.Release|Any CPU.ActiveCfg = Release|Any CPU
		{F688BFDD-53EF-406F-B5AC-76FC919AC6D0}.Release|Any CPU.Build.0 = Release|Any CPU
	EndGlobalSection
	GlobalSection(SolutionProperties) = preSolution
		HideSolutionNode = FALSE
	EndGlobalSection
EndGlobal
